
Microsoft Visual Studio Solution File, Format Version 12.00
# Visual Studio Version 17
VisualStudioVersion = 17.10.35013.160
MinimumVisualStudioVersion = 10.0.40219.1
Project("{FAE04EC0-301F-11D3-BF4B-00C04F79EFBC}") = "420AP1_Midterm_Formative11", "420AP1_Midterm_Formative11\420AP1_Midterm_Formative11.csproj", "{6A942393-47A0-47FF-B339-107C4D174675}"
EndProject
Global
	GlobalSection(SolutionConfigurationPlatforms) = preSolution
		Debug|Any CPU = Debug|Any CPU
		Release|Any CPU = Release|Any CPU
	EndGlobalSection
	GlobalSection(ProjectConfigurationPlatforms) = postSolution
		{6A942393-47A0-47FF-B339-107C4D174675}.Debug|Any CPU.ActiveCfg = Debug|Any CPU
		{6A942393-47A0-47FF-B339-107C4D174675}.Debug|Any CPU.Build.0 = Debug|Any CPU
		{6A942393-47A0-47FF-B339-107C4D174675}.Release|Any CPU.ActiveCfg = Release|Any CPU
		{6A942393-47A0-47FF-B339-107C4D174675}.Release|Any CPU.Build.0 = Release|Any CPU
	EndGlobalSection
	GlobalSection(SolutionProperties) = preSolution
		HideSolutionNode = FALSE
	EndGlobalSection
	GlobalSection(ExtensibilityGlobals) = postSolution
		SolutionGuid = {1E7E1AA7-D683-4A1F-8A8C-CAD10274C037}
	EndGlobalSection
EndGlobal
